
Microsoft Visual Studio Solution File, Format Version 12.00
# Visual Studio Version 17
VisualStudioVersion = 17.5.33424.131
MinimumVisualStudioVersion = 10.0.40219.1
Project("{9A19103F-16F7-4668-BE54-9A1E7A4F7556}") = "0404", "0404\0404.csproj", "{96ADC4F5-6371-4D59-9D7F-88EB003DBE43}"
EndProject
Project("{FAE04EC0-301F-11D3-BF4B-00C04F79EFBC}") = "0404_2", "0404_2\0404_2.csproj", "{395C6443-4E43-4330-A630-F57AE1495856}"
EndProject
Global
	GlobalSection(SolutionConfigurationPlatforms) = preSolution
		Debug|Any CPU = Debug|Any CPU
		Release|Any CPU = Release|Any CPU
	EndGlobalSection
	GlobalSection(ProjectConfigurationPlatforms) = postSolution
		{96ADC4F5-6371-4D59-9D7F-88EB003DBE43}.Debug|Any CPU.ActiveCfg = Debug|Any CPU
		{96ADC4F5-6371-4D59-9D7F-88EB003DBE43}.Debug|Any CPU.Build.0 = Debug|Any CPU
		{96ADC4F5-6371-4D59-9D7F-88EB003DBE43}.Release|Any CPU.ActiveCfg = Release|Any CPU
		{96ADC4F5-6371-4D59-9D7F-88EB003DBE43}.Release|Any CPU.Build.0 = Release|Any CPU
		{395C6443-4E43-4330-A630-F57AE1495856}.Debug|Any CPU.ActiveCfg = Debug|Any CPU
		{395C6443-4E43-4330-A630-F57AE1495856}.Debug|Any CPU.Build.0 = Debug|Any CPU
		{395C6443-4E43-4330-A630-F57AE1495856}.Release|Any CPU.ActiveCfg = Release|Any CPU
		{395C6443-4E43-4330-A630-F57AE1495856}.Release|Any CPU.Build.0 = Release|Any CPU
	EndGlobalSection
	GlobalSection(SolutionProperties) = preSolution
		HideSolutionNode = FALSE
	EndGlobalSection
	GlobalSection(ExtensibilityGlobals) = postSolution
		SolutionGuid = {D578D1FD-6162-4EFE-A612-6E2FB16DC254}
	EndGlobalSection
EndGlobal
